("quicklisp" .
 (:class qlot/source/dist:source-dist
  :initargs (:distribution "http://beta.quicklisp.org/dist/quicklisp.txt" :%version :latest)
  :version "2020-10-16"))
("ultralisp" .
 (:class qlot/source/dist:source-dist
  :initargs (:distribution "http://dist.ultralisp.org/" :%version :latest)
  :version "20201201044006"))
("docparser" .
 (:class qlot/source/github:source-github
  :initargs (:repos "shamazmazum/docparser" :ref nil :branch nil :tag nil)
  :version "github-37b2118ecbbeca51a91bf2fd56873828"))
("codex" .
 (:class qlot/source/github:source-github
  :initargs (:repos "shamazmazum/codex" :ref nil :branch nil :tag nil)
  :version "github-9103d4770b688e93476aa4b8ce12b513"))
